
Microsoft Visual Studio Solution File, Format Version 12.00
# Visual Studio Version 16
VisualStudioVersion = 16.0.30011.22
MinimumVisualStudioVersion = 10.0.40219.1
Project("{9A19103F-16F7-4668-BE54-9A1E7A4F7556}") = "BookChest.WebAPI", "BookChest.WebAPI\BookChest.WebAPI.csproj", "{F046065C-D2CA-4766-8457-D5F38DC94EDB}"
EndProject
Project("{2150E333-8FDC-42A3-9474-1A3956D46DE8}") = "Solution Items", "Solution Items", "{393EE437-8D22-4DD3-BEF1-2EC807758492}"
	ProjectSection(SolutionItems) = preProject
		.editorconfig = .editorconfig
		..\.gitignore = ..\.gitignore
		Default.targets = Default.targets
		..\README.md = ..\README.md
	EndProjectSection
EndProject
Project("{9A19103F-16F7-4668-BE54-9A1E7A4F7556}") = "BookChest.API", "BookChest.API\BookChest.API.csproj", "{859C8178-F7FF-4D0F-A90F-2ABF14BE3965}"
EndProject
Project("{9A19103F-16F7-4668-BE54-9A1E7A4F7556}") = "BookChest.Infrastructure", "BookChest.Infrastructure\BookChest.Infrastructure.csproj", "{DFA21BC4-EE2A-44F5-97F1-BEC1376EF8D6}"
EndProject
Project("{9A19103F-16F7-4668-BE54-9A1E7A4F7556}") = "BookChest.Domain", "BookChest.Domain\BookChest.Domain.csproj", "{E465BA0B-FBE0-4573-BF1C-459588BE071E}"
EndProject
Project("{9A19103F-16F7-4668-BE54-9A1E7A4F7556}") = "BookChest.Tests", "BookChest.Tests\BookChest.Tests.csproj", "{0EE7A8DF-C00D-45B7-AE56-88364497F67A}"
EndProject
Project("{FAE04EC0-301F-11D3-BF4B-00C04F79EFBC}") = "BookChest.DI", "BookChest.DI\BookChest.DI.csproj", "{190078C0-33D2-41AD-8BDA-0B9BE37C02D7}"
EndProject
Global
	GlobalSection(SolutionConfigurationPlatforms) = preSolution
		Debug|Any CPU = Debug|Any CPU
		Release|Any CPU = Release|Any CPU
	EndGlobalSection
	GlobalSection(ProjectConfigurationPlatforms) = postSolution
		{F046065C-D2CA-4766-8457-D5F38DC94EDB}.Debug|Any CPU.ActiveCfg = Debug|Any CPU
		{F046065C-D2CA-4766-8457-D5F38DC94EDB}.Debug|Any CPU.Build.0 = Debug|Any CPU
		{F046065C-D2CA-4766-8457-D5F38DC94EDB}.Release|Any CPU.ActiveCfg = Release|Any CPU
		{F046065C-D2CA-4766-8457-D5F38DC94EDB}.Release|Any CPU.Build.0 = Release|Any CPU
		{859C8178-F7FF-4D0F-A90F-2ABF14BE3965}.Debug|Any CPU.ActiveCfg = Debug|Any CPU
		{859C8178-F7FF-4D0F-A90F-2ABF14BE3965}.Debug|Any CPU.Build.0 = Debug|Any CPU
		{859C8178-F7FF-4D0F-A90F-2ABF14BE3965}.Release|Any CPU.ActiveCfg = Release|Any CPU
		{859C8178-F7FF-4D0F-A90F-2ABF14BE3965}.Release|Any CPU.Build.0 = Release|Any CPU
		{DFA21BC4-EE2A-44F5-97F1-BEC1376EF8D6}.Debug|Any CPU.ActiveCfg = Debug|Any CPU
		{DFA21BC4-EE2A-44F5-97F1-BEC1376EF8D6}.Debug|Any CPU.Build.0 = Debug|Any CPU
		{DFA21BC4-EE2A-44F5-97F1-BEC1376EF8D6}.Release|Any CPU.ActiveCfg = Release|Any CPU
		{DFA21BC4-EE2A-44F5-97F1-BEC1376EF8D6}.Release|Any CPU.Build.0 = Release|Any CPU
		{E465BA0B-FBE0-4573-BF1C-459588BE071E}.Debug|Any CPU.ActiveCfg = Debug|Any CPU
		{E465BA0B-FBE0-4573-BF1C-459588BE071E}.Debug|Any CPU.Build.0 = Debug|Any CPU
		{E465BA0B-FBE0-4573-BF1C-459588BE071E}.Release|Any CPU.ActiveCfg = Release|Any CPU
		{E465BA0B-FBE0-4573-BF1C-459588BE071E}.Release|Any CPU.Build.0 = Release|Any CPU
		{0EE7A8DF-C00D-45B7-AE56-88364497F67A}.Debug|Any CPU.ActiveCfg = Debug|Any CPU
		{0EE7A8DF-C00D-45B7-AE56-88364497F67A}.Debug|Any CPU.Build.0 = Debug|Any CPU
		{0EE7A8DF-C00D-45B7-AE56-88364497F67A}.Release|Any CPU.ActiveCfg = Release|Any CPU
		{0EE7A8DF-C00D-45B7-AE56-88364497F67A}.Release|Any CPU.Build.0 = Release|Any CPU
		{190078C0-33D2-41AD-8BDA-0B9BE37C02D7}.Debug|Any CPU.ActiveCfg = Debug|Any CPU
		{190078C0-33D2-41AD-8BDA-0B9BE37C02D7}.Debug|Any CPU.Build.0 = Debug|Any CPU
		{190078C0-33D2-41AD-8BDA-0B9BE37C02D7}.Release|Any CPU.ActiveCfg = Release|Any CPU
		{190078C0-33D2-41AD-8BDA-0B9BE37C02D7}.Release|Any CPU.Build.0 = Release|Any CPU
	EndGlobalSection
	GlobalSection(SolutionProperties) = preSolution
		HideSolutionNode = FALSE
	EndGlobalSection
	GlobalSection(ExtensibilityGlobals) = postSolution
		SolutionGuid = {909D5006-70D5-4DF1-AE97-4A6C11647CE6}
	EndGlobalSection
EndGlobal
